
Microsoft Visual Studio Solution File, Format Version 12.00
# Visual Studio Version 17
VisualStudioVersion = 17.7.34031.279
MinimumVisualStudioVersion = 10.0.40219.1
Project("{F184B08F-C81C-45F6-A57F-5ABD9991F28F}") = "ProjectProdi", "ProjectProdi.vbproj", "{D7387216-F044-4EA3-9D50-7AEED6B229E8}"
EndProject
Global
	GlobalSection(SolutionConfigurationPlatforms) = preSolution
		Debug|Any CPU = Debug|Any CPU
		Release|Any CPU = Release|Any CPU
	EndGlobalSection
	GlobalSection(ProjectConfigurationPlatforms) = postSolution
		{D7387216-F044-4EA3-9D50-7AEED6B229E8}.Debug|Any CPU.ActiveCfg = Debug|Any CPU
		{D7387216-F044-4EA3-9D50-7AEED6B229E8}.Debug|Any CPU.Build.0 = Debug|Any CPU
		{D7387216-F044-4EA3-9D50-7AEED6B229E8}.Release|Any CPU.ActiveCfg = Release|Any CPU
		{D7387216-F044-4EA3-9D50-7AEED6B229E8}.Release|Any CPU.Build.0 = Release|Any CPU
	EndGlobalSection
	GlobalSection(SolutionProperties) = preSolution
		HideSolutionNode = FALSE
	EndGlobalSection
	GlobalSection(ExtensibilityGlobals) = postSolution
		SolutionGuid = {B2A54A4D-8435-4F2D-92D8-B38BDC5CD98E}
	EndGlobalSection
EndGlobal
